
Microsoft Visual Studio Solution File, Format Version 12.00
# Visual Studio Version 17
VisualStudioVersion = 17.0.31903.59
MinimumVisualStudioVersion = 10.0.40219.1
Project("{FAE04EC0-301F-11D3-BF4B-00C04F79EFBC}") = "Marketplace.Domain", "Marketplace.Domain\Marketplace.Domain.csproj", "{56346494-B002-48CE-B597-75255ADD5264}"
EndProject
Project("{FAE04EC0-301F-11D3-BF4B-00C04F79EFBC}") = "Marketplace.Application", "Marketplace.Application\Marketplace.Application.csproj", "{676E6772-2BD5-4BB3-B38A-0E346E29C78C}"
EndProject
Project("{FAE04EC0-301F-11D3-BF4B-00C04F79EFBC}") = "Marketplace.Infrastructure.Data", "Marketplace.Infrastructure.Data\Marketplace.Infrastructure.Data.csproj", "{4CACA14D-DF33-4115-BA03-B38FF2FCAA20}"
EndProject
Project("{FAE04EC0-301F-11D3-BF4B-00C04F79EFBC}") = "Marketplace.Infrastructure.IoC", "Marketplace.Infrastructure.IoC\Marketplace.Infrastructure.IoC.csproj", "{9E8CB706-64EC-458A-B0D1-E65F2FEB203E}"
EndProject
Project("{FAE04EC0-301F-11D3-BF4B-00C04F79EFBC}") = "Marketplace.WebUI", "Marketplace.WebUI\Marketplace.WebUI.csproj", "{24F43524-8DA6-43E8-8116-5A8595958F18}"
EndProject
Global
	GlobalSection(SolutionConfigurationPlatforms) = preSolution
		Debug|Any CPU = Debug|Any CPU
		Release|Any CPU = Release|Any CPU
	EndGlobalSection
	GlobalSection(SolutionProperties) = preSolution
		HideSolutionNode = FALSE
	EndGlobalSection
	GlobalSection(ProjectConfigurationPlatforms) = postSolution
		{56346494-B002-48CE-B597-75255ADD5264}.Debug|Any CPU.ActiveCfg = Debug|Any CPU
		{56346494-B002-48CE-B597-75255ADD5264}.Debug|Any CPU.Build.0 = Debug|Any CPU
		{56346494-B002-48CE-B597-75255ADD5264}.Release|Any CPU.ActiveCfg = Release|Any CPU
		{56346494-B002-48CE-B597-75255ADD5264}.Release|Any CPU.Build.0 = Release|Any CPU
		{676E6772-2BD5-4BB3-B38A-0E346E29C78C}.Debug|Any CPU.ActiveCfg = Debug|Any CPU
		{676E6772-2BD5-4BB3-B38A-0E346E29C78C}.Debug|Any CPU.Build.0 = Debug|Any CPU
		{676E6772-2BD5-4BB3-B38A-0E346E29C78C}.Release|Any CPU.ActiveCfg = Release|Any CPU
		{676E6772-2BD5-4BB3-B38A-0E346E29C78C}.Release|Any CPU.Build.0 = Release|Any CPU
		{4CACA14D-DF33-4115-BA03-B38FF2FCAA20}.Debug|Any CPU.ActiveCfg = Debug|Any CPU
		{4CACA14D-DF33-4115-BA03-B38FF2FCAA20}.Debug|Any CPU.Build.0 = Debug|Any CPU
		{4CACA14D-DF33-4115-BA03-B38FF2FCAA20}.Release|Any CPU.ActiveCfg = Release|Any CPU
		{4CACA14D-DF33-4115-BA03-B38FF2FCAA20}.Release|Any CPU.Build.0 = Release|Any CPU
		{9E8CB706-64EC-458A-B0D1-E65F2FEB203E}.Debug|Any CPU.ActiveCfg = Debug|Any CPU
		{9E8CB706-64EC-458A-B0D1-E65F2FEB203E}.Debug|Any CPU.Build.0 = Debug|Any CPU
		{9E8CB706-64EC-458A-B0D1-E65F2FEB203E}.Release|Any CPU.ActiveCfg = Release|Any CPU
		{9E8CB706-64EC-458A-B0D1-E65F2FEB203E}.Release|Any CPU.Build.0 = Release|Any CPU
		{24F43524-8DA6-43E8-8116-5A8595958F18}.Debug|Any CPU.ActiveCfg = Debug|Any CPU
		{24F43524-8DA6-43E8-8116-5A8595958F18}.Debug|Any CPU.Build.0 = Debug|Any CPU
		{24F43524-8DA6-43E8-8116-5A8595958F18}.Release|Any CPU.ActiveCfg = Release|Any CPU
		{24F43524-8DA6-43E8-8116-5A8595958F18}.Release|Any CPU.Build.0 = Release|Any CPU
	EndGlobalSection
EndGlobal
